{
  "name": "markdoc-render-example",
  "version": "0.1.0",
  "lockfileVersion": 3,
  "requires": true,
  "packages": {
    "": {
      "name": "markdoc-render-example",
      "version": "0.1.0",
      "dependencies": {
        "markdoc-render": ".."
      }
    },
    "..": {
      "name": "markdoc-render",
      "version": "0.1.0",
      "license": "MIT",
      "dependencies": {
        "@markdoc/markdoc": "^0.5.4"
      },
      "bin": {
        "mdr": "bin/cli.js"
      }
    },
    "node_modules/markdoc-render": {
      "resolved": "..",
      "link": true
    }
  }
}
